// !$*UTF8*$!
{
	archiveVersion = 1;
	classes = {
	};
	objectVersion = 46;
	objects = {

/* Begin PBXGroup section */
		17D99CF61583C82100FBF59C = {
			isa = PBXGroup;
			children = (
			);
			sourceTree = "<group>";
		};
/* End PBXGroup section */

/* Begin PBXProject section */
		17D99CF81583C82100FBF59C /* Project object */ = {
			isa = PBXProject;
			attributes = {
				LastUpgradeCheck = 0430;
			};
			buildConfigurationList = 17D99CFB1583C82100FBF59C /* Build configuration list for PBXProject "My First Project Exploring" */;
			compatibilityVersion = "Xcode 3.2";
			developmentRegion = English;
			hasScannedForEncodings = 0;
			knownRegions = (
				en,
			);
			mainGroup = 17D99CF61583C82100FBF59C;
			projectDirPath = "";
			projectRoot = "";
			targets = (
			);
		};
/* End PBXProject section */

/* Begin XCBuildConfiguration section */
		17D99CFD1583C82200FBF59C /* Debug */ = {
			isa = XCBuildConfiguration;
			buildSettings = {
			};
			name = Debug;
		};
		17D99CFE1583C82200FBF59C /* Release */ = {
			isa = XCBuildConfiguration;
			buildSettings = {
			};
			name = Release;
		};
/* End XCBuildConfiguration section */

/* Begin XCConfigurationList section */
		17D99CFB1583C82100FBF59C /* Build configuration list for PBXProject "My First Project Exploring" */ = {
			isa = XCConfigurationList;
			buildConfigurations = (
				17D99CFD1583C82200FBF59C /* Debug */,
				17D99CFE1583C82200FBF59C /* Release */,
			);
			defaultConfigurationIsVisible = 0;
			defaultConfigurationName = Release;
		};
/* End XCConfigurationList section */
	};
	rootObject = 17D99CF81583C82100FBF59C /* Project object */;
}
